// !$*UTF8*$!
{
	archiveVersion = 1;
	classes = {
	};
	objectVersion = 55;
	objects = {

/* Begin PBXBuildFile section */
		9154C869D5B95937801C7A47 /* Pods_ProductsTechApp.framework in Frameworks */ = {isa = PBXBuildFile; fileRef = 0DF03081BC48A2E23725DED6 /* Pods_ProductsTechApp.framework */; };
		E4464118282946550013148F /* AddProductViewController.swift in Sources */ = {isa = PBXBuildFile; fileRef = E4464117282946550013148F /* AddProductViewController.swift */; };
		E4F967932827AD7B007F5879 /* AppDelegate.swift in Sources */ = {isa = PBXBuildFile; fileRef = E4F967922827AD7B007F5879 /* AppDelegate.swift */; };
		E4F967952827AD7B007F5879 /* SceneDelegate.swift in Sources */ = {isa = PBXBuildFile; fileRef = E4F967942827AD7B007F5879 /* SceneDelegate.swift */; };
		E4F9679A2827AD7B007F5879 /* Main.storyboard in Resources */ = {isa = PBXBuildFile; fileRef = E4F967982827AD7B007F5879 /* Main.storyboard */; };
		E4F9679C2827AD7C007F5879 /* Assets.xcassets in Resources */ = {isa = PBXBuildFile; fileRef = E4F9679B2827AD7C007F5879 /* Assets.xcassets */; };
		E4F9679F2827AD7C007F5879 /* LaunchScreen.storyboard in Resources */ = {isa = PBXBuildFile; fileRef = E4F9679D2827AD7C007F5879 /* LaunchScreen.storyboard */; };
		E4F967A72827ADB5007F5879 /* ProductsCollectionViewController.swift in Sources */ = {isa = PBXBuildFile; fileRef = E4F967A62827ADB5007F5879 /* ProductsCollectionViewController.swift */; };
		E4F967A92827AE80007F5879 /* ProductCollectionViewCell.swift in Sources */ = {isa = PBXBuildFile; fileRef = E4F967A82827AE80007F5879 /* ProductCollectionViewCell.swift */; };
		E4F967AB2827DBF8007F5879 /* ProductsModel.swift in Sources */ = {isa = PBXBuildFile; fileRef = E4F967AA2827DBF8007F5879 /* ProductsModel.swift */; };
/* End PBXBuildFile section */

/* Begin PBXFileReference section */
		0DF03081BC48A2E23725DED6 /* Pods_ProductsTechApp.framework */ = {isa = PBXFileReference; explicitFileType = wrapper.framework; includeInIndex = 0; path = Pods_ProductsTechApp.framework; sourceTree = BUILT_PRODUCTS_DIR; };
		7314B7C1F19C1C41C1C999C2 /* Pods-ProductsTechApp.debug.xcconfig */ = {isa = PBXFileReference; includeInIndex = 1; lastKnownFileType = text.xcconfig; name = "Pods-ProductsTechApp.debug.xcconfig"; path = "Target Support Files/Pods-ProductsTechApp/Pods-ProductsTechApp.debug.xcconfig"; sourceTree = "<group>"; };
		E4464117282946550013148F /* AddProductViewController.swift */ = {isa = PBXFileReference; lastKnownFileType = sourcecode.swift; path = AddProductViewController.swift; sourceTree = "<group>"; };
		E4F9678F2827AD7B007F5879 /* ProductsTechApp.app */ = {isa = PBXFileReference; explicitFileType = wrapper.application; includeInIndex = 0; path = ProductsTechApp.app; sourceTree = BUILT_PRODUCTS_DIR; };
		E4F967922827AD7B007F5879 /* AppDelegate.swift */ = {isa = PBXFileReference; lastKnownFileType = sourcecode.swift; path = AppDelegate.swift; sourceTree = "<group>"; };
		E4F967942827AD7B007F5879 /* SceneDelegate.swift */ = {isa = PBXFileReference; lastKnownFileType = sourcecode.swift; path = SceneDelegate.swift; sourceTree = "<group>"; };
		E4F967992827AD7B007F5879 /* Base */ = {isa = PBXFileReference; lastKnownFileType = file.storyboard; name = Base; path = Base.lproj/Main.storyboard; sourceTree = "<group>"; };
		E4F9679B2827AD7C007F5879 /* Assets.xcassets */ = {isa = PBXFileReference; lastKnownFileType = folder.assetcatalog; path = Assets.xcassets; sourceTree = "<group>"; };
		E4F9679E2827AD7C007F5879 /* Base */ = {isa = PBXFileReference; lastKnownFileType = file.storyboard; name = Base; path = Base.lproj/LaunchScreen.storyboard; sourceTree = "<group>"; };
		E4F967A02827AD7C007F5879 /* Info.plist */ = {isa = PBXFileReference; lastKnownFileType = text.plist.xml; path = Info.plist; sourceTree = "<group>"; };
		E4F967A62827ADB5007F5879 /* ProductsCollectionViewController.swift */ = {isa = PBXFileReference; lastKnownFileType = sourcecode.swift; path = ProductsCollectionViewController.swift; sourceTree = "<group>"; };
		E4F967A82827AE80007F5879 /* ProductCollectionViewCell.swift */ = {isa = PBXFileReference; lastKnownFileType = sourcecode.swift; path = ProductCollectionViewCell.swift; sourceTree = "<group>"; };
		E4F967AA2827DBF8007F5879 /* ProductsModel.swift */ = {isa = PBXFileReference; lastKnownFileType = sourcecode.swift; path = ProductsModel.swift; sourceTree = "<group>"; };
		EFCBC6C7A31D7DDCA211813F /* Pods-ProductsTechApp.release.xcconfig */ = {isa = PBXFileReference; includeInIndex = 1; lastKnownFileType = text.xcconfig; name = "Pods-ProductsTechApp.release.xcconfig"; path = "Target Support Files/Pods-ProductsTechApp/Pods-ProductsTechApp.release.xcconfig"; sourceTree = "<group>"; };
/* End PBXFileReference section */

/* Begin PBXFrameworksBuildPhase section */
		E4F9678C2827AD7B007F5879 /* Frameworks */ = {
			isa = PBXFrameworksBuildPhase;
			buildActionMask = 2147483647;
			files = (
				9154C869D5B95937801C7A47 /* Pods_ProductsTechApp.framework in Frameworks */,
			);
			runOnlyForDeploymentPostprocessing = 0;
		};
/* End PBXFrameworksBuildPhase section */

/* Begin PBXGroup section */
		95260B0C5C1EC11BEFFC3B46 /* Pods */ = {
			isa = PBXGroup;
			children = (
				7314B7C1F19C1C41C1C999C2 /* Pods-ProductsTechApp.debug.xcconfig */,
				EFCBC6C7A31D7DDCA211813F /* Pods-ProductsTechApp.release.xcconfig */,
			);
			path = Pods;
			sourceTree = "<group>";
		};
		C78E0BEAB6B94B0A7C2496B0 /* Frameworks */ = {
			isa = PBXGroup;
			children = (
				0DF03081BC48A2E23725DED6 /* Pods_ProductsTechApp.framework */,
			);
			name = Frameworks;
			sourceTree = "<group>";
		};
		E4F967862827AD7B007F5879 = {
			isa = PBXGroup;
			children = (
				E4F967912827AD7B007F5879 /* ProductsTechApp */,
				E4F967902827AD7B007F5879 /* Products */,
				95260B0C5C1EC11BEFFC3B46 /* Pods */,
				C78E0BEAB6B94B0A7C2496B0 /* Frameworks */,
			);
			sourceTree = "<group>";
		};
		E4F967902827AD7B007F5879 /* Products */ = {
			isa = PBXGroup;
			children = (
				E4F9678F2827AD7B007F5879 /* ProductsTechApp.app */,
			);
			name = Products;
			sourceTree = "<group>";
		};
		E4F967912827AD7B007F5879 /* ProductsTechApp */ = {
			isa = PBXGroup;
			children = (
				E4F967922827AD7B007F5879 /* AppDelegate.swift */,
				E4F967942827AD7B007F5879 /* SceneDelegate.swift */,
				E4F967AA2827DBF8007F5879 /* ProductsModel.swift */,
				E4F967982827AD7B007F5879 /* Main.storyboard */,
				E4F967A62827ADB5007F5879 /* ProductsCollectionViewController.swift */,
				E4F967A82827AE80007F5879 /* ProductCollectionViewCell.swift */,
				E4464117282946550013148F /* AddProductViewController.swift */,
				E4F9679B2827AD7C007F5879 /* Assets.xcassets */,
				E4F9679D2827AD7C007F5879 /* LaunchScreen.storyboard */,
				E4F967A02827AD7C007F5879 /* Info.plist */,
			);
			path = ProductsTechApp;
			sourceTree = "<group>";
		};
/* End PBXGroup section */

/* Begin PBXNativeTarget section */
		E4F9678E2827AD7B007F5879 /* ProductsTechApp */ = {
			isa = PBXNativeTarget;
			buildConfigurationList = E4F967A32827AD7C007F5879 /* Build configuration list for PBXNativeTarget "ProductsTechApp" */;
			buildPhases = (
				532512ED011C2F999C90C0D9 /* [CP] Check Pods Manifest.lock */,
				E4F9678B2827AD7B007F5879 /* Sources */,
				E4F9678C2827AD7B007F5879 /* Frameworks */,
				E4F9678D2827AD7B007F5879 /* Resources */,
				6BCF0C31B5794CEC06134FD3 /* [CP] Embed Pods Frameworks */,
			);
			buildRules = (
			);
			dependencies = (
			);
			name = ProductsTechApp;
			productName = ProductsTechApp;
			productReference = E4F9678F2827AD7B007F5879 /* ProductsTechApp.app */;
			productType = "com.apple.product-type.application";
		};
/* End PBXNativeTarget section */

/* Begin PBXProject section */
		E4F967872827AD7B007F5879 /* Project object */ = {
			isa = PBXProject;
			attributes = {
				BuildIndependentTargetsInParallel = 1;
				LastSwiftUpdateCheck = 1330;
				LastUpgradeCheck = 1330;
				TargetAttributes = {
					E4F9678E2827AD7B007F5879 = {
						CreatedOnToolsVersion = 13.3.1;
					};
				};
			};
			buildConfigurationList = E4F9678A2827AD7B007F5879 /* Build configuration list for PBXProject "ProductsTechApp" */;
			compatibilityVersion = "Xcode 13.0";
			developmentRegion = en;
			hasScannedForEncodings = 0;
			knownRegions = (
				en,
				Base,
			);
			mainGroup = E4F967862827AD7B007F5879;
			productRefGroup = E4F967902827AD7B007F5879 /* Products */;
			projectDirPath = "";
			projectRoot = "";
			targets = (
				E4F9678E2827AD7B007F5879 /* ProductsTechApp */,
			);
		};
/* End PBXProject section */

/* Begin PBXResourcesBuildPhase section */
		E4F9678D2827AD7B007F5879 /* Resources */ = {
			isa = PBXResourcesBuildPhase;
			buildActionMask = 2147483647;
			files = (
				E4F9679F2827AD7C007F5879 /* LaunchScreen.storyboard in Resources */,
				E4F9679C2827AD7C007F5879 /* Assets.xcassets in Resources */,
				E4F9679A2827AD7B007F5879 /* Main.storyboard in Resources */,
			);
			runOnlyForDeploymentPostprocessing = 0;
		};
/* End PBXResourcesBuildPhase section */

/* Begin PBXShellScriptBuildPhase section */
		532512ED011C2F999C90C0D9 /* [CP] Check Pods Manifest.lock */ = {
			isa = PBXShellScriptBuildPhase;
			buildActionMask = 2147483647;
			files = (
			);
			inputFileListPaths = (
			);
			inputPaths = (
				"${PODS_PODFILE_DIR_PATH}/Podfile.lock",
				"${PODS_ROOT}/Manifest.lock",
			);
			name = "[CP] Check Pods Manifest.lock";
			outputFileListPaths = (
			);
			outputPaths = (
				"$(DERIVED_FILE_DIR)/Pods-ProductsTechApp-checkManifestLockResult.txt",
			);
			runOnlyForDeploymentPostprocessing = 0;
			shellPath = /bin/sh;
			shellScript = "diff \"${PODS_PODFILE_DIR_PATH}/Podfile.lock\" \"${PODS_ROOT}/Manifest.lock\" > /dev/null\nif [ $? != 0 ] ; then\n    # print error to STDERR\n    echo \"error: The sandbox is not in sync with the Podfile.lock. Run 'pod install' or update your CocoaPods installation.\" >&2\n    exit 1\nfi\n# This output is used by Xcode 'outputs' to avoid re-running this script phase.\necho \"SUCCESS\" > \"${SCRIPT_OUTPUT_FILE_0}\"\n";
			showEnvVarsInLog = 0;
		};
		6BCF0C31B5794CEC06134FD3 /* [CP] Embed Pods Frameworks */ = {
			isa = PBXShellScriptBuildPhase;
			buildActionMask = 2147483647;
			files = (
			);
			inputFileListPaths = (
				"${PODS_ROOT}/Target Support Files/Pods-ProductsTechApp/Pods-ProductsTechApp-frameworks-${CONFIGURATION}-input-files.xcfilelist",
			);
			name = "[CP] Embed Pods Frameworks";
			outputFileListPaths = (
				"${PODS_ROOT}/Target Support Files/Pods-ProductsTechApp/Pods-ProductsTechApp-frameworks-${CONFIGURATION}-output-files.xcfilelist",
			);
			runOnlyForDeploymentPostprocessing = 0;
			shellPath = /bin/sh;
			shellScript = "\"${PODS_ROOT}/Target Support Files/Pods-ProductsTechApp/Pods-ProductsTechApp-frameworks.sh\"\n";
			showEnvVarsInLog = 0;
		};
/* End PBXShellScriptBuildPhase section */

/* Begin PBXSourcesBuildPhase section */
		E4F9678B2827AD7B007F5879 /* Sources */ = {
			isa = PBXSourcesBuildPhase;
			buildActionMask = 2147483647;
			files = (
				E4F967A72827ADB5007F5879 /* ProductsCollectionViewController.swift in Sources */,
				E4F967AB2827DBF8007F5879 /* ProductsModel.swift in Sources */,
				E4464118282946550013148F /* AddProductViewController.swift in Sources */,
				E4F967932827AD7B007F5879 /* AppDelegate.swift in Sources */,
				E4F967A92827AE80007F5879 /* ProductCollectionViewCell.swift in Sources */,
				E4F967952827AD7B007F5879 /* SceneDelegate.swift in Sources */,
			);
			runOnlyForDeploymentPostprocessing = 0;
		};
/* End PBXSourcesBuildPhase section */

/* Begin PBXVariantGroup section */
		E4F967982827AD7B007F5879 /* Main.storyboard */ = {
			isa = PBXVariantGroup;
			children = (
				E4F967992827AD7B007F5879 /* Base */,
			);
			name = Main.storyboard;
			sourceTree = "<group>";
		};
		E4F9679D2827AD7C007F5879 /* LaunchScreen.storyboard */ = {
			isa = PBXVariantGroup;
			children = (
				E4F9679E2827AD7C007F5879 /* Base */,
			);
			name = LaunchScreen.storyboard;
			sourceTree = "<group>";
		};
/* End PBXVariantGroup section */

/* Begin XCBuildConfiguration section */
		E4F967A12827AD7C007F5879 /* Debug */ = {
			isa = XCBuildConfiguration;
			buildSettings = {
				ALWAYS_SEARCH_USER_PATHS = NO;
				CLANG_ANALYZER_NONNULL = YES;
				CLANG_ANALYZER_NUMBER_OBJECT_CONVERSION = YES_AGGRESSIVE;
				CLANG_CXX_LANGUAGE_STANDARD = "gnu++17";
				CLANG_ENABLE_MODULES = YES;
				CLANG_ENABLE_OBJC_ARC = YES;
				CLANG_ENABLE_OBJC_WEAK = YES;
				CLANG_WARN_BLOCK_CAPTURE_AUTORELEASING = YES;
				CLANG_WARN_BOOL_CONVERSION = YES;
				CLANG_WARN_COMMA = YES;
				CLANG_WARN_CONSTANT_CONVERSION = YES;
				CLANG_WARN_DEPRECATED_OBJC_IMPLEMENTATIONS = YES;
				CLANG_WARN_DIRECT_OBJC_ISA_USAGE = YES_ERROR;
				CLANG_WARN_DOCUMENTATION_COMMENTS = YES;
				CLANG_WARN_EMPTY_BODY = YES;
				CLANG_WARN_ENUM_CONVERSION = YES;
				CLANG_WARN_INFINITE_RECURSION = YES;
				CLANG_WARN_INT_CONVERSION = YES;
				CLANG_WARN_NON_LITERAL_NULL_CONVERSION = YES;
				CLANG_WARN_OBJC_IMPLICIT_RETAIN_SELF = YES;
				CLANG_WARN_OBJC_LITERAL_CONVERSION = YES;
				CLANG_WARN_OBJC_ROOT_CLASS = YES_ERROR;
				CLANG_WARN_QUOTED_INCLUDE_IN_FRAMEWORK_HEADER = YES;
				CLANG_WARN_RANGE_LOOP_ANALYSIS = YES;
				CLANG_WARN_STRICT_PROTOTYPES = YES;
				CLANG_WARN_SUSPICIOUS_MOVE = YES;
				CLANG_WARN_UNGUARDED_AVAILABILITY = YES_AGGRESSIVE;
				CLANG_WARN_UNREACHABLE_CODE = YES;
				CLANG_WARN__DUPLICATE_METHOD_MATCH = YES;
				COPY_PHASE_STRIP = NO;
				DEBUG_INFORMATION_FORMAT = dwarf;
				ENABLE_STRICT_OBJC_MSGSEND = YES;
				ENABLE_TESTABILITY = YES;
				GCC_C_LANGUAGE_STANDARD = gnu11;
				GCC_DYNAMIC_NO_PIC = NO;
				GCC_NO_COMMON_BLOCKS = YES;
				GCC_OPTIMIZATION_LEVEL = 0;
				GCC_PREPROCESSOR_DEFINITIONS = (
					"DEBUG=1",
					"$(inherited)",
				);
				GCC_WARN_64_TO_32_BIT_CONVERSION = YES;
				GCC_WARN_ABOUT_RETURN_TYPE = YES_ERROR;
				GCC_WARN_UNDECLARED_SELECTOR = YES;
				GCC_WARN_UNINITIALIZED_AUTOS = YES_AGGRESSIVE;
				GCC_WARN_UNUSED_FUNCTION = YES;
				GCC_WARN_UNUSED_VARIABLE = YES;
				IPHONEOS_DEPLOYMENT_TARGET = 15.4;
				MTL_ENABLE_DEBUG_INFO = INCLUDE_SOURCE;
				MTL_FAST_MATH = YES;
				ONLY_ACTIVE_ARCH = YES;
				SDKROOT = iphoneos;
				SWIFT_ACTIVE_COMPILATION_CONDITIONS = DEBUG;
				SWIFT_OPTIMIZATION_LEVEL = "-Onone";
			};
			name = Debug;
		};
		E4F967A22827AD7C007F5879 /* Release */ = {
			isa = XCBuildConfiguration;
			buildSettings = {
				ALWAYS_SEARCH_USER_PATHS = NO;
				CLANG_ANALYZER_NONNULL = YES;
				CLANG_ANALYZER_NUMBER_OBJECT_CONVERSION = YES_AGGRESSIVE;
				CLANG_CXX_LANGUAGE_STANDARD = "gnu++17";
				CLANG_ENABLE_MODULES = YES;
				CLANG_ENABLE_OBJC_ARC = YES;
				CLANG_ENABLE_OBJC_WEAK = YES;
				CLANG_WARN_BLOCK_CAPTURE_AUTORELEASING = YES;
				CLANG_WARN_BOOL_CONVERSION = YES;
				CLANG_WARN_COMMA = YES;
				CLANG_WARN_CONSTANT_CONVERSION = YES;
				CLANG_WARN_DEPRECATED_OBJC_IMPLEMENTATIONS = YES;
				CLANG_WARN_DIRECT_OBJC_ISA_USAGE = YES_ERROR;
				CLANG_WARN_DOCUMENTATION_COMMENTS = YES;
				CLANG_WARN_EMPTY_BODY = YES;
				CLANG_WARN_ENUM_CONVERSION = YES;
				CLANG_WARN_INFINITE_RECURSION = YES;
				CLANG_WARN_INT_CONVERSION = YES;
				CLANG_WARN_NON_LITERAL_NULL_CONVERSION = YES;
				CLANG_WARN_OBJC_IMPLICIT_RETAIN_SELF = YES;
				CLANG_WARN_OBJC_LITERAL_CONVERSION = YES;
				CLANG_WARN_OBJC_ROOT_CLASS = YES_ERROR;
				CLANG_WARN_QUOTED_INCLUDE_IN_FRAMEWORK_HEADER = YES;
				CLANG_WARN_RANGE_LOOP_ANALYSIS = YES;
				CLANG_WARN_STRICT_PROTOTYPES = YES;
				CLANG_WARN_SUSPICIOUS_MOVE = YES;
				CLANG_WARN_UNGUARDED_AVAILABILITY = YES_AGGRESSIVE;
				CLANG_WARN_UNREACHABLE_CODE = YES;
				CLANG_WARN__DUPLICATE_METHOD_MATCH = YES;
				COPY_PHASE_STRIP = NO;
				DEBUG_INFORMATION_FORMAT = "dwarf-with-dsym";
				ENABLE_NS_ASSERTIONS = NO;
				ENABLE_STRICT_OBJC_MSGSEND = YES;
				GCC_C_LANGUAGE_STANDARD = gnu11;
				GCC_NO_COMMON_BLOCKS = YES;
				GCC_WARN_64_TO_32_BIT_CONVERSION = YES;
				GCC_WARN_ABOUT_RETURN_TYPE = YES_ERROR;
				GCC_WARN_UNDECLARED_SELECTOR = YES;
				GCC_WARN_UNINITIALIZED_AUTOS = YES_AGGRESSIVE;
				GCC_WARN_UNUSED_FUNCTION = YES;
				GCC_WARN_UNUSED_VARIABLE = YES;
				IPHONEOS_DEPLOYMENT_TARGET = 15.4;
				MTL_ENABLE_DEBUG_INFO = NO;
				MTL_FAST_MATH = YES;
				SDKROOT = iphoneos;
				SWIFT_COMPILATION_MODE = wholemodule;
				SWIFT_OPTIMIZATION_LEVEL = "-O";
				VALIDATE_PRODUCT = YES;
			};
			name = Release;
		};
		E4F967A42827AD7C007F5879 /* Debug */ = {
			isa = XCBuildConfiguration;
			baseConfigurationReference = 7314B7C1F19C1C41C1C999C2 /* Pods-ProductsTechApp.debug.xcconfig */;
			buildSettings = {
				ASSETCATALOG_COMPILER_APPICON_NAME = AppIcon;
				ASSETCATALOG_COMPILER_GLOBAL_ACCENT_COLOR_NAME = AccentColor;
				CODE_SIGN_STYLE = Automatic;
				CURRENT_PROJECT_VERSION = 1;
				DEVELOPMENT_TEAM = 4297UD4G24;
				GENERATE_INFOPLIST_FILE = YES;
				INFOPLIST_FILE = ProductsTechApp/Info.plist;
				INFOPLIST_KEY_UIApplicationSupportsIndirectInputEvents = YES;
				INFOPLIST_KEY_UILaunchStoryboardName = LaunchScreen;
				INFOPLIST_KEY_UIMainStoryboardFile = Main;
				INFOPLIST_KEY_UISupportedInterfaceOrientations_iPad = "UIInterfaceOrientationPortrait UIInterfaceOrientationPortraitUpsideDown UIInterfaceOrientationLandscapeLeft UIInterfaceOrientationLandscapeRight";
				INFOPLIST_KEY_UISupportedInterfaceOrientations_iPhone = "UIInterfaceOrientationPortrait UIInterfaceOrientationLandscapeLeft UIInterfaceOrientationLandscapeRight";
				IPHONEOS_DEPLOYMENT_TARGET = 13.0;
				LD_RUNPATH_SEARCH_PATHS = (
					"$(inherited)",
					"@executable_path/Frameworks",
				);
				MARKETING_VERSION = 1.0;
				PRODUCT_BUNDLE_IDENTIFIER = anvar.ProductsTechApp;
				PRODUCT_NAME = "$(TARGET_NAME)";
				SWIFT_EMIT_LOC_STRINGS = YES;
				SWIFT_VERSION = 5.0;
				TARGETED_DEVICE_FAMILY = "1,2";
			};
			name = Debug;
		};
		E4F967A52827AD7C007F5879 /* Release */ = {
			isa = XCBuildConfiguration;
			baseConfigurationReference = EFCBC6C7A31D7DDCA211813F /* Pods-ProductsTechApp.release.xcconfig */;
			buildSettings = {
				ASSETCATALOG_COMPILER_APPICON_NAME = AppIcon;
				ASSETCATALOG_COMPILER_GLOBAL_ACCENT_COLOR_NAME = AccentColor;
				CODE_SIGN_STYLE = Automatic;
				CURRENT_PROJECT_VERSION = 1;
				DEVELOPMENT_TEAM = 4297UD4G24;
				GENERATE_INFOPLIST_FILE = YES;
				INFOPLIST_FILE = ProductsTechApp/Info.plist;
				INFOPLIST_KEY_UIApplicationSupportsIndirectInputEvents = YES;
				INFOPLIST_KEY_UILaunchStoryboardName = LaunchScreen;
				INFOPLIST_KEY_UIMainStoryboardFile = Main;
				INFOPLIST_KEY_UISupportedInterfaceOrientations_iPad = "UIInterfaceOrientationPortrait UIInterfaceOrientationPortraitUpsideDown UIInterfaceOrientationLandscapeLeft UIInterfaceOrientationLandscapeRight";
				INFOPLIST_KEY_UISupportedInterfaceOrientations_iPhone = "UIInterfaceOrientationPortrait UIInterfaceOrientationLandscapeLeft UIInterfaceOrientationLandscapeRight";
				IPHONEOS_DEPLOYMENT_TARGET = 13.0;
				LD_RUNPATH_SEARCH_PATHS = (
					"$(inherited)",
					"@executable_path/Frameworks",
				);
				MARKETING_VERSION = 1.0;
				PRODUCT_BUNDLE_IDENTIFIER = anvar.ProductsTechApp;
				PRODUCT_NAME = "$(TARGET_NAME)";
				SWIFT_EMIT_LOC_STRINGS = YES;
				SWIFT_VERSION = 5.0;
				TARGETED_DEVICE_FAMILY = "1,2";
			};
			name = Release;
		};
/* End XCBuildConfiguration section */

/* Begin XCConfigurationList section */
		E4F9678A2827AD7B007F5879 /* Build configuration list for PBXProject "ProductsTechApp" */ = {
			isa = XCConfigurationList;
			buildConfigurations = (
				E4F967A12827AD7C007F5879 /* Debug */,
				E4F967A22827AD7C007F5879 /* Release */,
			);
			defaultConfigurationIsVisible = 0;
			defaultConfigurationName = Release;
		};
		E4F967A32827AD7C007F5879 /* Build configuration list for PBXNativeTarget "ProductsTechApp" */ = {
			isa = XCConfigurationList;
			buildConfigurations = (
				E4F967A42827AD7C007F5879 /* Debug */,
				E4F967A52827AD7C007F5879 /* Release */,
			);
			defaultConfigurationIsVisible = 0;
			defaultConfigurationName = Release;
		};
/* End XCConfigurationList section */
	};
	rootObject = E4F967872827AD7B007F5879 /* Project object */;
}
